
Microsoft Visual Studio Solution File, Format Version 12.00
# Visual Studio Version 17
VisualStudioVersion = 17.1.32421.90
MinimumVisualStudioVersion = 10.0.40219.1
Project("{9A19103F-16F7-4668-BE54-9A1E7A4F7556}") = "StacksAndQueues", "StacksAndQueues.csproj", "{EE4AFE64-826C-44A7-A032-5EDC4BE9C1DC}"
EndProject
Global
	GlobalSection(SolutionConfigurationPlatforms) = preSolution
		Debug|Any CPU = Debug|Any CPU
		Release|Any CPU = Release|Any CPU
	EndGlobalSection
	GlobalSection(ProjectConfigurationPlatforms) = postSolution
		{EE4AFE64-826C-44A7-A032-5EDC4BE9C1DC}.Debug|Any CPU.ActiveCfg = Debug|Any CPU
		{EE4AFE64-826C-44A7-A032-5EDC4BE9C1DC}.Debug|Any CPU.Build.0 = Debug|Any CPU
		{EE4AFE64-826C-44A7-A032-5EDC4BE9C1DC}.Release|Any CPU.ActiveCfg = Release|Any CPU
		{EE4AFE64-826C-44A7-A032-5EDC4BE9C1DC}.Release|Any CPU.Build.0 = Release|Any CPU
	EndGlobalSection
	GlobalSection(SolutionProperties) = preSolution
		HideSolutionNode = FALSE
	EndGlobalSection
	GlobalSection(ExtensibilityGlobals) = postSolution
		SolutionGuid = {202148B6-4B05-4997-B350-CD3ACC4A61F3}
	EndGlobalSection
EndGlobal
